// !$*UTF8*$!
{
	archiveVersion = 1;
	classes = {
	};
	objectVersion = 50;
	objects = {

/* Begin PBXBuildFile section */
		03B9098623C969DE00161649 /* AppDelegate.swift in Sources */ = {isa = PBXBuildFile; fileRef = 03B9098523C969DE00161649 /* AppDelegate.swift */; };
		03B9098823C969DE00161649 /* SceneDelegate.swift in Sources */ = {isa = PBXBuildFile; fileRef = 03B9098723C969DE00161649 /* SceneDelegate.swift */; };
		03B9098A23C969DE00161649 /* ContentView.swift in Sources */ = {isa = PBXBuildFile; fileRef = 03B9098923C969DE00161649 /* ContentView.swift */; };
		03B9098C23C969E100161649 /* Assets.xcassets in Resources */ = {isa = PBXBuildFile; fileRef = 03B9098B23C969E100161649 /* Assets.xcassets */; };
		03B9098F23C969E100161649 /* Preview Assets.xcassets in Resources */ = {isa = PBXBuildFile; fileRef = 03B9098E23C969E100161649 /* Preview Assets.xcassets */; };
		03B9099223C969E100161649 /* LaunchScreen.storyboard in Resources */ = {isa = PBXBuildFile; fileRef = 03B9099023C969E100161649 /* LaunchScreen.storyboard */; };
		03B9099D23C969E100161649 /* Side_Menu_ExampleTests.swift in Sources */ = {isa = PBXBuildFile; fileRef = 03B9099C23C969E100161649 /* Side_Menu_ExampleTests.swift */; };
		03B909A823C969E100161649 /* Side_Menu_ExampleUITests.swift in Sources */ = {isa = PBXBuildFile; fileRef = 03B909A723C969E100161649 /* Side_Menu_ExampleUITests.swift */; };
/* End PBXBuildFile section */

/* Begin PBXContainerItemProxy section */
		03B9099923C969E100161649 /* PBXContainerItemProxy */ = {
			isa = PBXContainerItemProxy;
			containerPortal = 03B9097A23C969DD00161649 /* Project object */;
			proxyType = 1;
			remoteGlobalIDString = 03B9098123C969DD00161649;
			remoteInfo = "Side Menu Example";
		};
		03B909A423C969E100161649 /* PBXContainerItemProxy */ = {
			isa = PBXContainerItemProxy;
			containerPortal = 03B9097A23C969DD00161649 /* Project object */;
			proxyType = 1;
			remoteGlobalIDString = 03B9098123C969DD00161649;
			remoteInfo = "Side Menu Example";
		};
/* End PBXContainerItemProxy section */

/* Begin PBXFileReference section */
		03B9098223C969DD00161649 /* Side Menu Example.app */ = {isa = PBXFileReference; explicitFileType = wrapper.application; includeInIndex = 0; path = "Side Menu Example.app"; sourceTree = BUILT_PRODUCTS_DIR; };
		03B9098523C969DE00161649 /* AppDelegate.swift */ = {isa = PBXFileReference; lastKnownFileType = sourcecode.swift; path = AppDelegate.swift; sourceTree = "<group>"; };
		03B9098723C969DE00161649 /* SceneDelegate.swift */ = {isa = PBXFileReference; lastKnownFileType = sourcecode.swift; path = SceneDelegate.swift; sourceTree = "<group>"; };
		03B9098923C969DE00161649 /* ContentView.swift */ = {isa = PBXFileReference; lastKnownFileType = sourcecode.swift; path = ContentView.swift; sourceTree = "<group>"; };
		03B9098B23C969E100161649 /* Assets.xcassets */ = {isa = PBXFileReference; lastKnownFileType = folder.assetcatalog; path = Assets.xcassets; sourceTree = "<group>"; };
		03B9098E23C969E100161649 /* Preview Assets.xcassets */ = {isa = PBXFileReference; lastKnownFileType = folder.assetcatalog; path = "Preview Assets.xcassets"; sourceTree = "<group>"; };
		03B9099123C969E100161649 /* Base */ = {isa = PBXFileReference; lastKnownFileType = file.storyboard; name = Base; path = Base.lproj/LaunchScreen.storyboard; sourceTree = "<group>"; };
		03B9099323C969E100161649 /* Info.plist */ = {isa = PBXFileReference; lastKnownFileType = text.plist.xml; path = Info.plist; sourceTree = "<group>"; };
		03B9099823C969E100161649 /* Side Menu ExampleTests.xctest */ = {isa = PBXFileReference; explicitFileType = wrapper.cfbundle; includeInIndex = 0; path = "Side Menu ExampleTests.xctest"; sourceTree = BUILT_PRODUCTS_DIR; };
		03B9099C23C969E100161649 /* Side_Menu_ExampleTests.swift */ = {isa = PBXFileReference; lastKnownFileType = sourcecode.swift; path = Side_Menu_ExampleTests.swift; sourceTree = "<group>"; };
		03B9099E23C969E100161649 /* Info.plist */ = {isa = PBXFileReference; lastKnownFileType = text.plist.xml; path = Info.plist; sourceTree = "<group>"; };
		03B909A323C969E100161649 /* Side Menu ExampleUITests.xctest */ = {isa = PBXFileReference; explicitFileType = wrapper.cfbundle; includeInIndex = 0; path = "Side Menu ExampleUITests.xctest"; sourceTree = BUILT_PRODUCTS_DIR; };
		03B909A723C969E100161649 /* Side_Menu_ExampleUITests.swift */ = {isa = PBXFileReference; lastKnownFileType = sourcecode.swift; path = Side_Menu_ExampleUITests.swift; sourceTree = "<group>"; };
		03B909A923C969E100161649 /* Info.plist */ = {isa = PBXFileReference; lastKnownFileType = text.plist.xml; path = Info.plist; sourceTree = "<group>"; };
/* End PBXFileReference section */

/* Begin PBXFrameworksBuildPhase section */
		03B9097F23C969DD00161649 /* Frameworks */ = {
			isa = PBXFrameworksBuildPhase;
			buildActionMask = 2147483647;
			files = (
			);
			runOnlyForDeploymentPostprocessing = 0;
		};
		03B9099523C969E100161649 /* Frameworks */ = {
			isa = PBXFrameworksBuildPhase;
			buildActionMask = 2147483647;
			files = (
			);
			runOnlyForDeploymentPostprocessing = 0;
		};
		03B909A023C969E100161649 /* Frameworks */ = {
			isa = PBXFrameworksBuildPhase;
			buildActionMask = 2147483647;
			files = (
			);
			runOnlyForDeploymentPostprocessing = 0;
		};
/* End PBXFrameworksBuildPhase section */

/* Begin PBXGroup section */
		03B9097923C969DD00161649 = {
			isa = PBXGroup;
			children = (
				03B9098423C969DD00161649 /* Side Menu Example */,
				03B9099B23C969E100161649 /* Side Menu ExampleTests */,
				03B909A623C969E100161649 /* Side Menu ExampleUITests */,
				03B9098323C969DD00161649 /* Products */,
			);
			sourceTree = "<group>";
		};
		03B9098323C969DD00161649 /* Products */ = {
			isa = PBXGroup;
			children = (
				03B9098223C969DD00161649 /* Side Menu Example.app */,
				03B9099823C969E100161649 /* Side Menu ExampleTests.xctest */,
				03B909A323C969E100161649 /* Side Menu ExampleUITests.xctest */,
			);
			name = Products;
			sourceTree = "<group>";
		};
		03B9098423C969DD00161649 /* Side Menu Example */ = {
			isa = PBXGroup;
			children = (
				03B9098523C969DE00161649 /* AppDelegate.swift */,
				03B9098723C969DE00161649 /* SceneDelegate.swift */,
				03B9098923C969DE00161649 /* ContentView.swift */,
				03B9098B23C969E100161649 /* Assets.xcassets */,
				03B9099023C969E100161649 /* LaunchScreen.storyboard */,
				03B9099323C969E100161649 /* Info.plist */,
				03B9098D23C969E100161649 /* Preview Content */,
			);
			path = "Side Menu Example";
			sourceTree = "<group>";
		};
		03B9098D23C969E100161649 /* Preview Content */ = {
			isa = PBXGroup;
			children = (
				03B9098E23C969E100161649 /* Preview Assets.xcassets */,
			);
			path = "Preview Content";
			sourceTree = "<group>";
		};
		03B9099B23C969E100161649 /* Side Menu ExampleTests */ = {
			isa = PBXGroup;
			children = (
				03B9099C23C969E100161649 /* Side_Menu_ExampleTests.swift */,
				03B9099E23C969E100161649 /* Info.plist */,
			);
			path = "Side Menu ExampleTests";
			sourceTree = "<group>";
		};
		03B909A623C969E100161649 /* Side Menu ExampleUITests */ = {
			isa = PBXGroup;
			children = (
				03B909A723C969E100161649 /* Side_Menu_ExampleUITests.swift */,
				03B909A923C969E100161649 /* Info.plist */,
			);
			path = "Side Menu ExampleUITests";
			sourceTree = "<group>";
		};
/* End PBXGroup section */

/* Begin PBXNativeTarget section */
		03B9098123C969DD00161649 /* Side Menu Example */ = {
			isa = PBXNativeTarget;
			buildConfigurationList = 03B909AC23C969E100161649 /* Build configuration list for PBXNativeTarget "Side Menu Example" */;
			buildPhases = (
				03B9097E23C969DD00161649 /* Sources */,
				03B9097F23C969DD00161649 /* Frameworks */,
				03B9098023C969DD00161649 /* Resources */,
			);
			buildRules = (
			);
			dependencies = (
			);
			name = "Side Menu Example";
			productName = "Side Menu Example";
			productReference = 03B9098223C969DD00161649 /* Side Menu Example.app */;
			productType = "com.apple.product-type.application";
		};
		03B9099723C969E100161649 /* Side Menu ExampleTests */ = {
			isa = PBXNativeTarget;
			buildConfigurationList = 03B909AF23C969E100161649 /* Build configuration list for PBXNativeTarget "Side Menu ExampleTests" */;
			buildPhases = (
				03B9099423C969E100161649 /* Sources */,
				03B9099523C969E100161649 /* Frameworks */,
				03B9099623C969E100161649 /* Resources */,
			);
			buildRules = (
			);
			dependencies = (
				03B9099A23C969E100161649 /* PBXTargetDependency */,
			);
			name = "Side Menu ExampleTests";
			productName = "Side Menu ExampleTests";
			productReference = 03B9099823C969E100161649 /* Side Menu ExampleTests.xctest */;
			productType = "com.apple.product-type.bundle.unit-test";
		};
		03B909A223C969E100161649 /* Side Menu ExampleUITests */ = {
			isa = PBXNativeTarget;
			buildConfigurationList = 03B909B223C969E100161649 /* Build configuration list for PBXNativeTarget "Side Menu ExampleUITests" */;
			buildPhases = (
				03B9099F23C969E100161649 /* Sources */,
				03B909A023C969E100161649 /* Frameworks */,
				03B909A123C969E100161649 /* Resources */,
			);
			buildRules = (
			);
			dependencies = (
				03B909A523C969E100161649 /* PBXTargetDependency */,
			);
			name = "Side Menu ExampleUITests";
			productName = "Side Menu ExampleUITests";
			productReference = 03B909A323C969E100161649 /* Side Menu ExampleUITests.xctest */;
			productType = "com.apple.product-type.bundle.ui-testing";
		};
/* End PBXNativeTarget section */

/* Begin PBXProject section */
		03B9097A23C969DD00161649 /* Project object */ = {
			isa = PBXProject;
			attributes = {
				LastSwiftUpdateCheck = 1130;
				LastUpgradeCheck = 1130;
				ORGANIZATIONNAME = YeetBox;
				TargetAttributes = {
					03B9098123C969DD00161649 = {
						CreatedOnToolsVersion = 11.3;
					};
					03B9099723C969E100161649 = {
						CreatedOnToolsVersion = 11.3;
						TestTargetID = 03B9098123C969DD00161649;
					};
					03B909A223C969E100161649 = {
						CreatedOnToolsVersion = 11.3;
						TestTargetID = 03B9098123C969DD00161649;
					};
				};
			};
			buildConfigurationList = 03B9097D23C969DD00161649 /* Build configuration list for PBXProject "Side Menu Example" */;
			compatibilityVersion = "Xcode 9.3";
			developmentRegion = en;
			hasScannedForEncodings = 0;
			knownRegions = (
				en,
				Base,
			);
			mainGroup = 03B9097923C969DD00161649;
			productRefGroup = 03B9098323C969DD00161649 /* Products */;
			projectDirPath = "";
			projectRoot = "";
			targets = (
				03B9098123C969DD00161649 /* Side Menu Example */,
				03B9099723C969E100161649 /* Side Menu ExampleTests */,
				03B909A223C969E100161649 /* Side Menu ExampleUITests */,
			);
		};
/* End PBXProject section */

/* Begin PBXResourcesBuildPhase section */
		03B9098023C969DD00161649 /* Resources */ = {
			isa = PBXResourcesBuildPhase;
			buildActionMask = 2147483647;
			files = (
				03B9099223C969E100161649 /* LaunchScreen.storyboard in Resources */,
				03B9098F23C969E100161649 /* Preview Assets.xcassets in Resources */,
				03B9098C23C969E100161649 /* Assets.xcassets in Resources */,
			);
			runOnlyForDeploymentPostprocessing = 0;
		};
		03B9099623C969E100161649 /* Resources */ = {
			isa = PBXResourcesBuildPhase;
			buildActionMask = 2147483647;
			files = (
			);
			runOnlyForDeploymentPostprocessing = 0;
		};
		03B909A123C969E100161649 /* Resources */ = {
			isa = PBXResourcesBuildPhase;
			buildActionMask = 2147483647;
			files = (
			);
			runOnlyForDeploymentPostprocessing = 0;
		};
/* End PBXResourcesBuildPhase section */

/* Begin PBXSourcesBuildPhase section */
		03B9097E23C969DD00161649 /* Sources */ = {
			isa = PBXSourcesBuildPhase;
			buildActionMask = 2147483647;
			files = (
				03B9098623C969DE00161649 /* AppDelegate.swift in Sources */,
				03B9098823C969DE00161649 /* SceneDelegate.swift in Sources */,
				03B9098A23C969DE00161649 /* ContentView.swift in Sources */,
			);
			runOnlyForDeploymentPostprocessing = 0;
		};
		03B9099423C969E100161649 /* Sources */ = {
			isa = PBXSourcesBuildPhase;
			buildActionMask = 2147483647;
			files = (
				03B9099D23C969E100161649 /* Side_Menu_ExampleTests.swift in Sources */,
			);
			runOnlyForDeploymentPostprocessing = 0;
		};
		03B9099F23C969E100161649 /* Sources */ = {
			isa = PBXSourcesBuildPhase;
			buildActionMask = 2147483647;
			files = (
				03B909A823C969E100161649 /* Side_Menu_ExampleUITests.swift in Sources */,
			);
			runOnlyForDeploymentPostprocessing = 0;
		};
/* End PBXSourcesBuildPhase section */

/* Begin PBXTargetDependency section */
		03B9099A23C969E100161649 /* PBXTargetDependency */ = {
			isa = PBXTargetDependency;
			target = 03B9098123C969DD00161649 /* Side Menu Example */;
			targetProxy = 03B9099923C969E100161649 /* PBXContainerItemProxy */;
		};
		03B909A523C969E100161649 /* PBXTargetDependency */ = {
			isa = PBXTargetDependency;
			target = 03B9098123C969DD00161649 /* Side Menu Example */;
			targetProxy = 03B909A423C969E100161649 /* PBXContainerItemProxy */;
		};
/* End PBXTargetDependency section */

/* Begin PBXVariantGroup section */
		03B9099023C969E100161649 /* LaunchScreen.storyboard */ = {
			isa = PBXVariantGroup;
			children = (
				03B9099123C969E100161649 /* Base */,
			);
			name = LaunchScreen.storyboard;
			sourceTree = "<group>";
		};
/* End PBXVariantGroup section */

/* Begin XCBuildConfiguration section */
		03B909AA23C969E100161649 /* Debug */ = {
			isa = XCBuildConfiguration;
			buildSettings = {
				ALWAYS_SEARCH_USER_PATHS = NO;
				CLANG_ANALYZER_NONNULL = YES;
				CLANG_ANALYZER_NUMBER_OBJECT_CONVERSION = YES_AGGRESSIVE;
				CLANG_CXX_LANGUAGE_STANDARD = "gnu++14";
				CLANG_CXX_LIBRARY = "libc++";
				CLANG_ENABLE_MODULES = YES;
				CLANG_ENABLE_OBJC_ARC = YES;
				CLANG_ENABLE_OBJC_WEAK = YES;
				CLANG_WARN_BLOCK_CAPTURE_AUTORELEASING = YES;
				CLANG_WARN_BOOL_CONVERSION = YES;
				CLANG_WARN_COMMA = YES;
				CLANG_WARN_CONSTANT_CONVERSION = YES;
				CLANG_WARN_DEPRECATED_OBJC_IMPLEMENTATIONS = YES;
				CLANG_WARN_DIRECT_OBJC_ISA_USAGE = YES_ERROR;
				CLANG_WARN_DOCUMENTATION_COMMENTS = YES;
				CLANG_WARN_EMPTY_BODY = YES;
				CLANG_WARN_ENUM_CONVERSION = YES;
				CLANG_WARN_INFINITE_RECURSION = YES;
				CLANG_WARN_INT_CONVERSION = YES;
				CLANG_WARN_NON_LITERAL_NULL_CONVERSION = YES;
				CLANG_WARN_OBJC_IMPLICIT_RETAIN_SELF = YES;
				CLANG_WARN_OBJC_LITERAL_CONVERSION = YES;
				CLANG_WARN_OBJC_ROOT_CLASS = YES_ERROR;
				CLANG_WARN_RANGE_LOOP_ANALYSIS = YES;
				CLANG_WARN_STRICT_PROTOTYPES = YES;
				CLANG_WARN_SUSPICIOUS_MOVE = YES;
				CLANG_WARN_UNGUARDED_AVAILABILITY = YES_AGGRESSIVE;
				CLANG_WARN_UNREACHABLE_CODE = YES;
				CLANG_WARN__DUPLICATE_METHOD_MATCH = YES;
				COPY_PHASE_STRIP = NO;
				DEBUG_INFORMATION_FORMAT = dwarf;
				ENABLE_STRICT_OBJC_MSGSEND = YES;
				ENABLE_TESTABILITY = YES;
				GCC_C_LANGUAGE_STANDARD = gnu11;
				GCC_DYNAMIC_NO_PIC = NO;
				GCC_NO_COMMON_BLOCKS = YES;
				GCC_OPTIMIZATION_LEVEL = 0;
				GCC_PREPROCESSOR_DEFINITIONS = (
					"DEBUG=1",
					"$(inherited)",
				);
				GCC_WARN_64_TO_32_BIT_CONVERSION = YES;
				GCC_WARN_ABOUT_RETURN_TYPE = YES_ERROR;
				GCC_WARN_UNDECLARED_SELECTOR = YES;
				GCC_WARN_UNINITIALIZED_AUTOS = YES_AGGRESSIVE;
				GCC_WARN_UNUSED_FUNCTION = YES;
				GCC_WARN_UNUSED_VARIABLE = YES;
				IPHONEOS_DEPLOYMENT_TARGET = 13.2;
				MTL_ENABLE_DEBUG_INFO = INCLUDE_SOURCE;
				MTL_FAST_MATH = YES;
				ONLY_ACTIVE_ARCH = YES;
				SDKROOT = iphoneos;
				SWIFT_ACTIVE_COMPILATION_CONDITIONS = DEBUG;
				SWIFT_OPTIMIZATION_LEVEL = "-Onone";
			};
			name = Debug;
		};
		03B909AB23C969E100161649 /* Release */ = {
			isa = XCBuildConfiguration;
			buildSettings = {
				ALWAYS_SEARCH_USER_PATHS = NO;
				CLANG_ANALYZER_NONNULL = YES;
				CLANG_ANALYZER_NUMBER_OBJECT_CONVERSION = YES_AGGRESSIVE;
				CLANG_CXX_LANGUAGE_STANDARD = "gnu++14";
				CLANG_CXX_LIBRARY = "libc++";
				CLANG_ENABLE_MODULES = YES;
				CLANG_ENABLE_OBJC_ARC = YES;
				CLANG_ENABLE_OBJC_WEAK = YES;
				CLANG_WARN_BLOCK_CAPTURE_AUTORELEASING = YES;
				CLANG_WARN_BOOL_CONVERSION = YES;
				CLANG_WARN_COMMA = YES;
				CLANG_WARN_CONSTANT_CONVERSION = YES;
				CLANG_WARN_DEPRECATED_OBJC_IMPLEMENTATIONS = YES;
				CLANG_WARN_DIRECT_OBJC_ISA_USAGE = YES_ERROR;
				CLANG_WARN_DOCUMENTATION_COMMENTS = YES;
				CLANG_WARN_EMPTY_BODY = YES;
				CLANG_WARN_ENUM_CONVERSION = YES;
				CLANG_WARN_INFINITE_RECURSION = YES;
				CLANG_WARN_INT_CONVERSION = YES;
				CLANG_WARN_NON_LITERAL_NULL_CONVERSION = YES;
				CLANG_WARN_OBJC_IMPLICIT_RETAIN_SELF = YES;
				CLANG_WARN_OBJC_LITERAL_CONVERSION = YES;
				CLANG_WARN_OBJC_ROOT_CLASS = YES_ERROR;
				CLANG_WARN_RANGE_LOOP_ANALYSIS = YES;
				CLANG_WARN_STRICT_PROTOTYPES = YES;
				CLANG_WARN_SUSPICIOUS_MOVE = YES;
				CLANG_WARN_UNGUARDED_AVAILABILITY = YES_AGGRESSIVE;
				CLANG_WARN_UNREACHABLE_CODE = YES;
				CLANG_WARN__DUPLICATE_METHOD_MATCH = YES;
				COPY_PHASE_STRIP = NO;
				DEBUG_INFORMATION_FORMAT = "dwarf-with-dsym";
				ENABLE_NS_ASSERTIONS = NO;
				ENABLE_STRICT_OBJC_MSGSEND = YES;
				GCC_C_LANGUAGE_STANDARD = gnu11;
				GCC_NO_COMMON_BLOCKS = YES;
				GCC_WARN_64_TO_32_BIT_CONVERSION = YES;
				GCC_WARN_ABOUT_RETURN_TYPE = YES_ERROR;
				GCC_WARN_UNDECLARED_SELECTOR = YES;
				GCC_WARN_UNINITIALIZED_AUTOS = YES_AGGRESSIVE;
				GCC_WARN_UNUSED_FUNCTION = YES;
				GCC_WARN_UNUSED_VARIABLE = YES;
				IPHONEOS_DEPLOYMENT_TARGET = 13.2;
				MTL_ENABLE_DEBUG_INFO = NO;
				MTL_FAST_MATH = YES;
				SDKROOT = iphoneos;
				SWIFT_COMPILATION_MODE = wholemodule;
				SWIFT_OPTIMIZATION_LEVEL = "-O";
				VALIDATE_PRODUCT = YES;
			};
			name = Release;
		};
		03B909AD23C969E100161649 /* Debug */ = {
			isa = XCBuildConfiguration;
			buildSettings = {
				ASSETCATALOG_COMPILER_APPICON_NAME = AppIcon;
				CODE_SIGN_STYLE = Automatic;
				DEVELOPMENT_ASSET_PATHS = "\"Side Menu Example/Preview Content\"";
				DEVELOPMENT_TEAM = BNC6Z63U3V;
				ENABLE_PREVIEWS = YES;
				INFOPLIST_FILE = "Side Menu Example/Info.plist";
				LD_RUNPATH_SEARCH_PATHS = (
					"$(inherited)",
					"@executable_path/Frameworks",
				);
				PRODUCT_BUNDLE_IDENTIFIER = "io.yeetbox.Side-Menu-Example";
				PRODUCT_NAME = "$(TARGET_NAME)";
				SWIFT_VERSION = 5.0;
				TARGETED_DEVICE_FAMILY = "1,2";
			};
			name = Debug;
		};
		03B909AE23C969E100161649 /* Release */ = {
			isa = XCBuildConfiguration;
			buildSettings = {
				ASSETCATALOG_COMPILER_APPICON_NAME = AppIcon;
				CODE_SIGN_STYLE = Automatic;
				DEVELOPMENT_ASSET_PATHS = "\"Side Menu Example/Preview Content\"";
				DEVELOPMENT_TEAM = BNC6Z63U3V;
				ENABLE_PREVIEWS = YES;
				INFOPLIST_FILE = "Side Menu Example/Info.plist";
				LD_RUNPATH_SEARCH_PATHS = (
					"$(inherited)",
					"@executable_path/Frameworks",
				);
				PRODUCT_BUNDLE_IDENTIFIER = "io.yeetbox.Side-Menu-Example";
				PRODUCT_NAME = "$(TARGET_NAME)";
				SWIFT_VERSION = 5.0;
				TARGETED_DEVICE_FAMILY = "1,2";
			};
			name = Release;
		};
		03B909B023C969E100161649 /* Debug */ = {
			isa = XCBuildConfiguration;
			buildSettings = {
				ALWAYS_EMBED_SWIFT_STANDARD_LIBRARIES = YES;
				BUNDLE_LOADER = "$(TEST_HOST)";
				CODE_SIGN_STYLE = Automatic;
				DEVELOPMENT_TEAM = BNC6Z63U3V;
				INFOPLIST_FILE = "Side Menu ExampleTests/Info.plist";
				IPHONEOS_DEPLOYMENT_TARGET = 13.2;
				LD_RUNPATH_SEARCH_PATHS = (
					"$(inherited)",
					"@executable_path/Frameworks",
					"@loader_path/Frameworks",
				);
				PRODUCT_BUNDLE_IDENTIFIER = "io.yeetbox.Side-Menu-ExampleTests";
				PRODUCT_NAME = "$(TARGET_NAME)";
				SWIFT_VERSION = 5.0;
				TARGETED_DEVICE_FAMILY = "1,2";
				TEST_HOST = "$(BUILT_PRODUCTS_DIR)/Side Menu Example.app/Side Menu Example";
			};
			name = Debug;
		};
		03B909B123C969E100161649 /* Release */ = {
			isa = XCBuildConfiguration;
			buildSettings = {
				ALWAYS_EMBED_SWIFT_STANDARD_LIBRARIES = YES;
				BUNDLE_LOADER = "$(TEST_HOST)";
				CODE_SIGN_STYLE = Automatic;
				DEVELOPMENT_TEAM = BNC6Z63U3V;
				INFOPLIST_FILE = "Side Menu ExampleTests/Info.plist";
				IPHONEOS_DEPLOYMENT_TARGET = 13.2;
				LD_RUNPATH_SEARCH_PATHS = (
					"$(inherited)",
					"@executable_path/Frameworks",
					"@loader_path/Frameworks",
				);
				PRODUCT_BUNDLE_IDENTIFIER = "io.yeetbox.Side-Menu-ExampleTests";
				PRODUCT_NAME = "$(TARGET_NAME)";
				SWIFT_VERSION = 5.0;
				TARGETED_DEVICE_FAMILY = "1,2";
				TEST_HOST = "$(BUILT_PRODUCTS_DIR)/Side Menu Example.app/Side Menu Example";
			};
			name = Release;
		};
		03B909B323C969E100161649 /* Debug */ = {
			isa = XCBuildConfiguration;
			buildSettings = {
				ALWAYS_EMBED_SWIFT_STANDARD_LIBRARIES = YES;
				CODE_SIGN_STYLE = Automatic;
				DEVELOPMENT_TEAM = BNC6Z63U3V;
				INFOPLIST_FILE = "Side Menu ExampleUITests/Info.plist";
				LD_RUNPATH_SEARCH_PATHS = (
					"$(inherited)",
					"@executable_path/Frameworks",
					"@loader_path/Frameworks",
				);
				PRODUCT_BUNDLE_IDENTIFIER = "io.yeetbox.Side-Menu-ExampleUITests";
				PRODUCT_NAME = "$(TARGET_NAME)";
				SWIFT_VERSION = 5.0;
				TARGETED_DEVICE_FAMILY = "1,2";
				TEST_TARGET_NAME = "Side Menu Example";
			};
			name = Debug;
		};
		03B909B423C969E100161649 /* Release */ = {
			isa = XCBuildConfiguration;
			buildSettings = {
				ALWAYS_EMBED_SWIFT_STANDARD_LIBRARIES = YES;
				CODE_SIGN_STYLE = Automatic;
				DEVELOPMENT_TEAM = BNC6Z63U3V;
				INFOPLIST_FILE = "Side Menu ExampleUITests/Info.plist";
				LD_RUNPATH_SEARCH_PATHS = (
					"$(inherited)",
					"@executable_path/Frameworks",
					"@loader_path/Frameworks",
				);
				PRODUCT_BUNDLE_IDENTIFIER = "io.yeetbox.Side-Menu-ExampleUITests";
				PRODUCT_NAME = "$(TARGET_NAME)";
				SWIFT_VERSION = 5.0;
				TARGETED_DEVICE_FAMILY = "1,2";
				TEST_TARGET_NAME = "Side Menu Example";
			};
			name = Release;
		};
/* End XCBuildConfiguration section */

/* Begin XCConfigurationList section */
		03B9097D23C969DD00161649 /* Build configuration list for PBXProject "Side Menu Example" */ = {
			isa = XCConfigurationList;
			buildConfigurations = (
				03B909AA23C969E100161649 /* Debug */,
				03B909AB23C969E100161649 /* Release */,
			);
			defaultConfigurationIsVisible = 0;
			defaultConfigurationName = Release;
		};
		03B909AC23C969E100161649 /* Build configuration list for PBXNativeTarget "Side Menu Example" */ = {
			isa = XCConfigurationList;
			buildConfigurations = (
				03B909AD23C969E100161649 /* Debug */,
				03B909AE23C969E100161649 /* Release */,
			);
			defaultConfigurationIsVisible = 0;
			defaultConfigurationName = Release;
		};
		03B909AF23C969E100161649 /* Build configuration list for PBXNativeTarget "Side Menu ExampleTests" */ = {
			isa = XCConfigurationList;
			buildConfigurations = (
				03B909B023C969E100161649 /* Debug */,
				03B909B123C969E100161649 /* Release */,
			);
			defaultConfigurationIsVisible = 0;
			defaultConfigurationName = Release;
		};
		03B909B223C969E100161649 /* Build configuration list for PBXNativeTarget "Side Menu ExampleUITests" */ = {
			isa = XCConfigurationList;
			buildConfigurations = (
				03B909B323C969E100161649 /* Debug */,
				03B909B423C969E100161649 /* Release */,
			);
			defaultConfigurationIsVisible = 0;
			defaultConfigurationName = Release;
		};
/* End XCConfigurationList section */
	};
	rootObject = 03B9097A23C969DD00161649 /* Project object */;
}
